
Microsoft Visual Studio Solution File, Format Version 12.00
# Visual Studio 15
VisualStudioVersion = 15.0.28307.106
MinimumVisualStudioVersion = 10.0.40219.1
Project("{9A19103F-16F7-4668-BE54-9A1E7A4F7556}") = "LambdaOker", "LambdaOker\LambdaOker.csproj", "{1012DDF4-69D2-4415-B7B4-5F9BD0D60892}"
EndProject
Global
	GlobalSection(SolutionConfigurationPlatforms) = preSolution
		Debug|Any CPU = Debug|Any CPU
		Release|Any CPU = Release|Any CPU
	EndGlobalSection
	GlobalSection(ProjectConfigurationPlatforms) = postSolution
		{1012DDF4-69D2-4415-B7B4-5F9BD0D60892}.Debug|Any CPU.ActiveCfg = Debug|Any CPU
		{1012DDF4-69D2-4415-B7B4-5F9BD0D60892}.Debug|Any CPU.Build.0 = Debug|Any CPU
		{1012DDF4-69D2-4415-B7B4-5F9BD0D60892}.Release|Any CPU.ActiveCfg = Release|Any CPU
		{1012DDF4-69D2-4415-B7B4-5F9BD0D60892}.Release|Any CPU.Build.0 = Release|Any CPU
	EndGlobalSection
	GlobalSection(SolutionProperties) = preSolution
		HideSolutionNode = FALSE
	EndGlobalSection
	GlobalSection(ExtensibilityGlobals) = postSolution
		SolutionGuid = {323171C3-1D80-47BB-B58A-F9245E5199AF}
	EndGlobalSection
EndGlobal
